{
  "name": "whois-worker",
  "version": "1.0.0",
  "lockfileVersion": 3,
  "requires": true,
  "packages": {
    "": {
      "name": "whois-worker",
      "version": "1.0.0",
      "license": "ISC",
      "dependencies": {
        "ip-address": "^10.1.0"
      },
      "devDependencies": {
        "@cloudflare/workers-types": "^4.20260214.0",
        "typescript": "^5.9.3"
      }
    },
    "node_modules/@cloudflare/workers-types": {
      "version": "4.20260214.0",
      "resolved": "https://registry.npmmirror.com/@cloudflare/workers-types/-/workers-types-4.20260214.0.tgz",
      "integrity": "sha512-qb8rgbAdJR4BAPXolXhFL/wuGtecHLh1veOyZ1mK6QqWuCdI3vK1biKC0i3lzmzdLR/DZvsN3mNtpUE8zpWGEg==",
      "dev": true,
      "license": "MIT OR Apache-2.0"
    },
    "node_modules/ip-address": {
      "version": "10.1.0",
      "resolved": "https://registry.npmmirror.com/ip-address/-/ip-address-10.1.0.tgz",
      "integrity": "sha512-XXADHxXmvT9+CRxhXg56LJovE+bmWnEWB78LB83VZTprKTmaC5QfruXocxzTZ2Kl0DNwKuBdlIhjL8LeY8Sf8Q==",
      "license": "MIT",
      "engines": {
        "node": ">= 12"
      }
    },
    "node_modules/typescript": {
      "version": "5.9.3",
      "resolved": "https://registry.npmmirror.com/typescript/-/typescript-5.9.3.tgz",
      "integrity": "sha512-jl1vZzPDinLr9eUt3J/t7V6FgNEw9QjvBPdysz9KfQDD41fQrC2Y4vKQdiaUpFT4bXlb1RHhLpp8wtm6M5TgSw==",
      "dev": true,
      "license": "Apache-2.0",
      "bin": {
        "tsc": "bin/tsc",
        "tsserver": "bin/tsserver"
      },
      "engines": {
        "node": ">=14.17"
      }
    }
  }
}
